
Microsoft Visual Studio Solution File, Format Version 12.00
# Visual Studio Version 16
VisualStudioVersion = 16.0.31025.194
MinimumVisualStudioVersion = 10.0.40219.1
Project("{FAE04EC0-301F-11D3-BF4B-00C04F79EFBC}") = "atribuicao", "atribuicao\atribuicao.csproj", "{8F106CF8-6073-4D22-904E-65DC6A6CA30C}"
EndProject
Global
	GlobalSection(SolutionConfigurationPlatforms) = preSolution
		Debug|Any CPU = Debug|Any CPU
		Release|Any CPU = Release|Any CPU
	EndGlobalSection
	GlobalSection(ProjectConfigurationPlatforms) = postSolution
		{8F106CF8-6073-4D22-904E-65DC6A6CA30C}.Debug|Any CPU.ActiveCfg = Debug|Any CPU
		{8F106CF8-6073-4D22-904E-65DC6A6CA30C}.Debug|Any CPU.Build.0 = Debug|Any CPU
		{8F106CF8-6073-4D22-904E-65DC6A6CA30C}.Release|Any CPU.ActiveCfg = Release|Any CPU
		{8F106CF8-6073-4D22-904E-65DC6A6CA30C}.Release|Any CPU.Build.0 = Release|Any CPU
	EndGlobalSection
	GlobalSection(SolutionProperties) = preSolution
		HideSolutionNode = FALSE
	EndGlobalSection
	GlobalSection(ExtensibilityGlobals) = postSolution
		SolutionGuid = {742FD678-CA41-431F-B2FE-DA9451C2DFE5}
	EndGlobalSection
EndGlobal
